
Microsoft Visual Studio Solution File, Format Version 12.00
# Visual Studio Version 16
VisualStudioVersion = 16.0.31205.134
MinimumVisualStudioVersion = 10.0.40219.1
Project("{9A19103F-16F7-4668-BE54-9A1E7A4F7556}") = "DAL", "DAL\DAL.csproj", "{77154DE6-154F-4299-8F99-F62457C94BD8}"
EndProject
Project("{9A19103F-16F7-4668-BE54-9A1E7A4F7556}") = "Models", "Models\Models.csproj", "{3A856B0A-4A1C-483B-B649-3176FFA89E6C}"
EndProject
Project("{FAE04EC0-301F-11D3-BF4B-00C04F79EFBC}") = "MigrationBuilder", "MigrationBuilder\MigrationBuilder.csproj", "{BDEE0940-A25E-47A3-AF10-3477B2A466C4}"
EndProject
Global
	GlobalSection(SolutionConfigurationPlatforms) = preSolution
		Debug|Any CPU = Debug|Any CPU
		Release|Any CPU = Release|Any CPU
	EndGlobalSection
	GlobalSection(ProjectConfigurationPlatforms) = postSolution
		{77154DE6-154F-4299-8F99-F62457C94BD8}.Debug|Any CPU.ActiveCfg = Debug|Any CPU
		{77154DE6-154F-4299-8F99-F62457C94BD8}.Debug|Any CPU.Build.0 = Debug|Any CPU
		{77154DE6-154F-4299-8F99-F62457C94BD8}.Release|Any CPU.ActiveCfg = Release|Any CPU
		{77154DE6-154F-4299-8F99-F62457C94BD8}.Release|Any CPU.Build.0 = Release|Any CPU
		{3A856B0A-4A1C-483B-B649-3176FFA89E6C}.Debug|Any CPU.ActiveCfg = Debug|Any CPU
		{3A856B0A-4A1C-483B-B649-3176FFA89E6C}.Debug|Any CPU.Build.0 = Debug|Any CPU
		{3A856B0A-4A1C-483B-B649-3176FFA89E6C}.Release|Any CPU.ActiveCfg = Release|Any CPU
		{3A856B0A-4A1C-483B-B649-3176FFA89E6C}.Release|Any CPU.Build.0 = Release|Any CPU
		{BDEE0940-A25E-47A3-AF10-3477B2A466C4}.Debug|Any CPU.ActiveCfg = Debug|Any CPU
		{BDEE0940-A25E-47A3-AF10-3477B2A466C4}.Debug|Any CPU.Build.0 = Debug|Any CPU
		{BDEE0940-A25E-47A3-AF10-3477B2A466C4}.Release|Any CPU.ActiveCfg = Release|Any CPU
		{BDEE0940-A25E-47A3-AF10-3477B2A466C4}.Release|Any CPU.Build.0 = Release|Any CPU
	EndGlobalSection
	GlobalSection(SolutionProperties) = preSolution
		HideSolutionNode = FALSE
	EndGlobalSection
	GlobalSection(ExtensibilityGlobals) = postSolution
		SolutionGuid = {66DF8EFB-1EB7-4BF9-9DD4-B4B70ED6877E}
	EndGlobalSection
EndGlobal
